
Microsoft Visual Studio Solution File, Format Version 12.00
# Visual Studio Version 16
VisualStudioVersion = 16.0.30517.126
MinimumVisualStudioVersion = 10.0.40219.1
Project("{9A19103F-16F7-4668-BE54-9A1E7A4F7556}") = "LoveLetters Assignment", "LoveLetters\LoveLetters Assignment\LoveLetters Assignment.csproj", "{9318D147-BE39-4EF7-A653-2FC9DBCD6E2A}"
EndProject
Project("{9A19103F-16F7-4668-BE54-9A1E7A4F7556}") = "Reverse", "..\Kattis\W1\Reverse\Reverse\Reverse.csproj", "{80CB42B6-6E2E-4024-84F6-D9B3865E4006}"
EndProject
Global
	GlobalSection(SolutionConfigurationPlatforms) = preSolution
		Debug|Any CPU = Debug|Any CPU
		Release|Any CPU = Release|Any CPU
	EndGlobalSection
	GlobalSection(ProjectConfigurationPlatforms) = postSolution
		{9318D147-BE39-4EF7-A653-2FC9DBCD6E2A}.Debug|Any CPU.ActiveCfg = Debug|Any CPU
		{9318D147-BE39-4EF7-A653-2FC9DBCD6E2A}.Debug|Any CPU.Build.0 = Debug|Any CPU
		{9318D147-BE39-4EF7-A653-2FC9DBCD6E2A}.Release|Any CPU.ActiveCfg = Release|Any CPU
		{9318D147-BE39-4EF7-A653-2FC9DBCD6E2A}.Release|Any CPU.Build.0 = Release|Any CPU
		{80CB42B6-6E2E-4024-84F6-D9B3865E4006}.Debug|Any CPU.ActiveCfg = Debug|Any CPU
		{80CB42B6-6E2E-4024-84F6-D9B3865E4006}.Debug|Any CPU.Build.0 = Debug|Any CPU
		{80CB42B6-6E2E-4024-84F6-D9B3865E4006}.Release|Any CPU.ActiveCfg = Release|Any CPU
		{80CB42B6-6E2E-4024-84F6-D9B3865E4006}.Release|Any CPU.Build.0 = Release|Any CPU
	EndGlobalSection
	GlobalSection(SolutionProperties) = preSolution
		HideSolutionNode = FALSE
	EndGlobalSection
	GlobalSection(ExtensibilityGlobals) = postSolution
		SolutionGuid = {C183FAAF-C06B-4581-AA80-70D728049E3C}
	EndGlobalSection
EndGlobal
